
Microsoft Visual Studio Solution File, Format Version 12.00
# Visual Studio Version 17
VisualStudioVersion = 17.14.36616.10 d17.14
MinimumVisualStudioVersion = 10.0.40219.1
Project("{FAE04EC0-301F-11D3-BF4B-00C04F79EFBC}") = "ArGoNn-n.TaskPlanner", "ArGoNn-n.TaskPlanner\ArGoNn-n.TaskPlanner.csproj", "{90CD7E88-326D-49CB-A04E-FA443D5AFCA0}"
EndProject
Global
	GlobalSection(SolutionConfigurationPlatforms) = preSolution
		Debug|Any CPU = Debug|Any CPU
		Release|Any CPU = Release|Any CPU
	EndGlobalSection
	GlobalSection(ProjectConfigurationPlatforms) = postSolution
		{90CD7E88-326D-49CB-A04E-FA443D5AFCA0}.Debug|Any CPU.ActiveCfg = Debug|Any CPU
		{90CD7E88-326D-49CB-A04E-FA443D5AFCA0}.Debug|Any CPU.Build.0 = Debug|Any CPU
		{90CD7E88-326D-49CB-A04E-FA443D5AFCA0}.Release|Any CPU.ActiveCfg = Release|Any CPU
		{90CD7E88-326D-49CB-A04E-FA443D5AFCA0}.Release|Any CPU.Build.0 = Release|Any CPU
	EndGlobalSection
	GlobalSection(SolutionProperties) = preSolution
		HideSolutionNode = FALSE
	EndGlobalSection
	GlobalSection(ExtensibilityGlobals) = postSolution
		SolutionGuid = {14CEFB50-97A6-4DA4-BCE9-FEB1FF9ABFF8}
	EndGlobalSection
EndGlobal
